github.com/sercankavdir/dog v0.0.0-20230609142511-93ea00e57de2 h1:cYQKdDhj0m+SZmiJETLtyEQf0gdLn9I3GBsh+u5Qkug=
github.com/sercankavdir/dog v0.0.0-20230609142511-93ea00e57de2/go.mod h1:Rl0aG/Lf1HNgNxgZWtungJmPrmUqT9BTkc1yCjysLRI=
github.com/sercankavdir/puppy v0.0.0-20230609134648-9d05f61acfa1 h1:1/9/kj09MjFAXCGq0FPrpqf5uyGIsMPqKHk/2ZMdihg=
github.com/sercankavdir/puppy v0.0.0-20230609134648-9d05f61acfa1/go.mod h1:XGKul87beQ6c4nY++/DYO/dHbA9dDnmoY655bM+ehoI=
github.com/sercankavdir/puppy v0.0.0-20230609145628-a4bb818ce6ed h1:htIHrI9SNORXKYrYWNjlsj6Y82epA/0RSDYokduX35A=
github.com/sercankavdir/puppy v0.0.0-20230609145628-a4bb818ce6ed/go.mod h1:Q3ZaNbKDl12TWGNKOzcr1LJwYscIxU9Jq4y8sPRT3ek=
github.com/sercankavdir/puppy v0.0.0-20230609150539-6a9c7270aa1e h1:tc5AZoBKoDMaOJP9uEZ/s/R9jBd+z85+Hb4FBbwOMRA=
github.com/sercankavdir/puppy v0.0.0-20230609150539-6a9c7270aa1e/go.mod h1:p6FT5G/iD8FfqRn/oL6o2N1vY/JdEg7oM1jqKydhgTk=
github.com/sercankavdir/puppy v0.0.0-20230609150844-2c7f08bd2c5c h1:hmOYALc0NuObBMEpeoWeu9EzyEGS43S3B1rKxokjyFQ=
github.com/sercankavdir/puppy v0.0.0-20230609150844-2c7f08bd2c5c/go.mod h1:p6FT5G/iD8FfqRn/oL6o2N1vY/JdEg7oM1jqKydhgTk=
