github.com/sercankavdir/dog v0.0.0-20230609142511-93ea00e57de2 h1:cYQKdDhj0m+SZmiJETLtyEQf0gdLn9I3GBsh+u5Qkug=
github.com/sercankavdir/dog v0.0.0-20230609142511-93ea00e57de2/go.mod h1:Rl0aG/Lf1HNgNxgZWtungJmPrmUqT9BTkc1yCjysLRI=
github.com/sercankavdir/puppy v0.0.0-20230609150844-2c7f08bd2c5c h1:hmOYALc0NuObBMEpeoWeu9EzyEGS43S3B1rKxokjyFQ=
github.com/sercankavdir/puppy v0.0.0-20230609150844-2c7f08bd2c5c/go.mod h1:p6FT5G/iD8FfqRn/oL6o2N1vY/JdEg7oM1jqKydhgTk=
